
Microsoft Visual Studio Solution File, Format Version 12.00
# Visual Studio Version 17
VisualStudioVersion = 17.9.34607.119
MinimumVisualStudioVersion = 10.0.40219.1
Project("{FAE04EC0-301F-11D3-BF4B-00C04F79EFBC}") = "6thElement.API", "6thElement.API\6thElement.API.csproj", "{92797CEE-13AD-4703-BBBC-51244EBA7E16}"
EndProject
Project("{2150E333-8FDC-42A3-9474-1A3956D46DE8}") = "src", "src", "{6E21C199-8D27-4671-A040-2733778F0231}"
	ProjectSection(SolutionItems) = preProject
		.gitignore = .gitignore
	EndProjectSection
EndProject
Project("{2150E333-8FDC-42A3-9474-1A3956D46DE8}") = "presentation", "presentation", "{97BF6362-AAA6-46E1-AEA2-19FDD6071513}"
EndProject
Project("{2150E333-8FDC-42A3-9474-1A3956D46DE8}") = "core", "core", "{922270E6-2F81-4F6A-9A5B-65CF879D1AAE}"
EndProject
Project("{2150E333-8FDC-42A3-9474-1A3956D46DE8}") = "infrastructure", "infrastructure", "{DB662906-D016-4877-8978-7A1FA17595F0}"
EndProject
Project("{FAE04EC0-301F-11D3-BF4B-00C04F79EFBC}") = "6thElement.Persistance", "6thElement.Persistance\6thElement.Persistance.csproj", "{FAD18031-3F07-431A-A8D4-57E1785AF558}"
EndProject
Global
	GlobalSection(SolutionConfigurationPlatforms) = preSolution
		Debug|Any CPU = Debug|Any CPU
		Release|Any CPU = Release|Any CPU
	EndGlobalSection
	GlobalSection(ProjectConfigurationPlatforms) = postSolution
		{92797CEE-13AD-4703-BBBC-51244EBA7E16}.Debug|Any CPU.ActiveCfg = Debug|Any CPU
		{92797CEE-13AD-4703-BBBC-51244EBA7E16}.Debug|Any CPU.Build.0 = Debug|Any CPU
		{92797CEE-13AD-4703-BBBC-51244EBA7E16}.Release|Any CPU.ActiveCfg = Release|Any CPU
		{92797CEE-13AD-4703-BBBC-51244EBA7E16}.Release|Any CPU.Build.0 = Release|Any CPU
		{FAD18031-3F07-431A-A8D4-57E1785AF558}.Debug|Any CPU.ActiveCfg = Debug|Any CPU
		{FAD18031-3F07-431A-A8D4-57E1785AF558}.Debug|Any CPU.Build.0 = Debug|Any CPU
		{FAD18031-3F07-431A-A8D4-57E1785AF558}.Release|Any CPU.ActiveCfg = Release|Any CPU
		{FAD18031-3F07-431A-A8D4-57E1785AF558}.Release|Any CPU.Build.0 = Release|Any CPU
	EndGlobalSection
	GlobalSection(SolutionProperties) = preSolution
		HideSolutionNode = FALSE
	EndGlobalSection
	GlobalSection(NestedProjects) = preSolution
		{92797CEE-13AD-4703-BBBC-51244EBA7E16} = {97BF6362-AAA6-46E1-AEA2-19FDD6071513}
		{97BF6362-AAA6-46E1-AEA2-19FDD6071513} = {6E21C199-8D27-4671-A040-2733778F0231}
		{922270E6-2F81-4F6A-9A5B-65CF879D1AAE} = {6E21C199-8D27-4671-A040-2733778F0231}
		{DB662906-D016-4877-8978-7A1FA17595F0} = {6E21C199-8D27-4671-A040-2733778F0231}
		{FAD18031-3F07-431A-A8D4-57E1785AF558} = {DB662906-D016-4877-8978-7A1FA17595F0}
	EndGlobalSection
	GlobalSection(ExtensibilityGlobals) = postSolution
		SolutionGuid = {C97E6149-D7C6-4B2F-BED3-4FF24FC2745C}
	EndGlobalSection
EndGlobal
